
Microsoft Visual Studio Solution File, Format Version 12.00
# Visual Studio Version 16
VisualStudioVersion = 16.0.31624.102
MinimumVisualStudioVersion = 10.0.40219.1
Project("{FAE04EC0-301F-11D3-BF4B-00C04F79EFBC}") = "CRUD", "CRUD.csproj", "{F7E166E6-9B55-4746-8035-47F5806858FF}"
EndProject
Global
	GlobalSection(SolutionConfigurationPlatforms) = preSolution
		Debug|Any CPU = Debug|Any CPU
		Release|Any CPU = Release|Any CPU
	EndGlobalSection
	GlobalSection(ProjectConfigurationPlatforms) = postSolution
		{F7E166E6-9B55-4746-8035-47F5806858FF}.Debug|Any CPU.ActiveCfg = Debug|Any CPU
		{F7E166E6-9B55-4746-8035-47F5806858FF}.Debug|Any CPU.Build.0 = Debug|Any CPU
		{F7E166E6-9B55-4746-8035-47F5806858FF}.Release|Any CPU.ActiveCfg = Release|Any CPU
		{F7E166E6-9B55-4746-8035-47F5806858FF}.Release|Any CPU.Build.0 = Release|Any CPU
	EndGlobalSection
	GlobalSection(SolutionProperties) = preSolution
		HideSolutionNode = FALSE
	EndGlobalSection
	GlobalSection(ExtensibilityGlobals) = postSolution
		SolutionGuid = {23119353-93E7-4B95-A97B-DF9C20A39425}
	EndGlobalSection
EndGlobal
